
Microsoft Visual Studio Solution File, Format Version 12.00
# Visual Studio Version 17
VisualStudioVersion = 17.6.33723.286
MinimumVisualStudioVersion = 10.0.40219.1
Project("{FAE04EC0-301F-11D3-BF4B-00C04F79EFBC}") = "Zadanie5", "Zadanie5.csproj", "{EF3AAB56-AD74-4C37-9499-8F18677AC95B}"
EndProject
Global
	GlobalSection(SolutionConfigurationPlatforms) = preSolution
		Debug|Any CPU = Debug|Any CPU
		Release|Any CPU = Release|Any CPU
	EndGlobalSection
	GlobalSection(ProjectConfigurationPlatforms) = postSolution
		{EF3AAB56-AD74-4C37-9499-8F18677AC95B}.Debug|Any CPU.ActiveCfg = Debug|Any CPU
		{EF3AAB56-AD74-4C37-9499-8F18677AC95B}.Debug|Any CPU.Build.0 = Debug|Any CPU
		{EF3AAB56-AD74-4C37-9499-8F18677AC95B}.Release|Any CPU.ActiveCfg = Release|Any CPU
		{EF3AAB56-AD74-4C37-9499-8F18677AC95B}.Release|Any CPU.Build.0 = Release|Any CPU
	EndGlobalSection
	GlobalSection(SolutionProperties) = preSolution
		HideSolutionNode = FALSE
	EndGlobalSection
	GlobalSection(ExtensibilityGlobals) = postSolution
		SolutionGuid = {2022C58F-DD00-4124-BB73-5336A4F2E13D}
	EndGlobalSection
EndGlobal
