
Microsoft Visual Studio Solution File, Format Version 12.00
# Visual Studio Version 17
VisualStudioVersion = 17.6.33723.286
MinimumVisualStudioVersion = 10.0.40219.1
Project("{FAE04EC0-301F-11D3-BF4B-00C04F79EFBC}") = "Zadanie4", "Zadanie4.csproj", "{0D20324D-87AE-4CDE-A7E3-67175C274162}"
EndProject
Global
	GlobalSection(SolutionConfigurationPlatforms) = preSolution
		Debug|Any CPU = Debug|Any CPU
		Release|Any CPU = Release|Any CPU
	EndGlobalSection
	GlobalSection(ProjectConfigurationPlatforms) = postSolution
		{0D20324D-87AE-4CDE-A7E3-67175C274162}.Debug|Any CPU.ActiveCfg = Debug|Any CPU
		{0D20324D-87AE-4CDE-A7E3-67175C274162}.Debug|Any CPU.Build.0 = Debug|Any CPU
		{0D20324D-87AE-4CDE-A7E3-67175C274162}.Release|Any CPU.ActiveCfg = Release|Any CPU
		{0D20324D-87AE-4CDE-A7E3-67175C274162}.Release|Any CPU.Build.0 = Release|Any CPU
	EndGlobalSection
	GlobalSection(SolutionProperties) = preSolution
		HideSolutionNode = FALSE
	EndGlobalSection
	GlobalSection(ExtensibilityGlobals) = postSolution
		SolutionGuid = {8DF4C363-CDD3-4987-A7BA-91BE0342B2F6}
	EndGlobalSection
EndGlobal
